
Microsoft Visual Studio Solution File, Format Version 12.00
# Visual Studio Version 16
VisualStudioVersion = 16.0.30114.105
MinimumVisualStudioVersion = 10.0.40219.1
Project("{FAE04EC0-301F-11D3-BF4B-00C04F79EFBC}") = "LINQsql_1", "LINQsql_1\LINQsql_1.csproj", "{3DA72660-52FA-4957-95A9-70A26CC5C658}"
EndProject
Global
	GlobalSection(SolutionConfigurationPlatforms) = preSolution
		Debug|Any CPU = Debug|Any CPU
		Release|Any CPU = Release|Any CPU
	EndGlobalSection
	GlobalSection(ProjectConfigurationPlatforms) = postSolution
		{3DA72660-52FA-4957-95A9-70A26CC5C658}.Debug|Any CPU.ActiveCfg = Debug|Any CPU
		{3DA72660-52FA-4957-95A9-70A26CC5C658}.Debug|Any CPU.Build.0 = Debug|Any CPU
		{3DA72660-52FA-4957-95A9-70A26CC5C658}.Release|Any CPU.ActiveCfg = Release|Any CPU
		{3DA72660-52FA-4957-95A9-70A26CC5C658}.Release|Any CPU.Build.0 = Release|Any CPU
	EndGlobalSection
	GlobalSection(SolutionProperties) = preSolution
		HideSolutionNode = FALSE
	EndGlobalSection
	GlobalSection(ExtensibilityGlobals) = postSolution
		SolutionGuid = {29F86B90-42CB-42E5-9ADB-D5E0C175217A}
	EndGlobalSection
EndGlobal
