
Microsoft Visual Studio Solution File, Format Version 12.00
# Visual Studio Version 16
VisualStudioVersion = 16.0.30114.105
MinimumVisualStudioVersion = 10.0.40219.1
Project("{8BC9CEB8-8B4A-11D0-8D11-00A0C91BC942}") = "ITMO.C++.Course2020.Labs.Lab08", "ITMO.C++.Course2020.Labs.Lab08\ITMO.C++.Course2020.Labs.Lab08.vcxproj", "{7A197BE2-BE52-4289-AB71-70C64663486D}"
EndProject
Global
	GlobalSection(SolutionConfigurationPlatforms) = preSolution
		Debug|x64 = Debug|x64
		Debug|x86 = Debug|x86
		Release|x64 = Release|x64
		Release|x86 = Release|x86
	EndGlobalSection
	GlobalSection(ProjectConfigurationPlatforms) = postSolution
		{7A197BE2-BE52-4289-AB71-70C64663486D}.Debug|x64.ActiveCfg = Debug|x64
		{7A197BE2-BE52-4289-AB71-70C64663486D}.Debug|x64.Build.0 = Debug|x64
		{7A197BE2-BE52-4289-AB71-70C64663486D}.Debug|x86.ActiveCfg = Debug|Win32
		{7A197BE2-BE52-4289-AB71-70C64663486D}.Debug|x86.Build.0 = Debug|Win32
		{7A197BE2-BE52-4289-AB71-70C64663486D}.Release|x64.ActiveCfg = Release|x64
		{7A197BE2-BE52-4289-AB71-70C64663486D}.Release|x64.Build.0 = Release|x64
		{7A197BE2-BE52-4289-AB71-70C64663486D}.Release|x86.ActiveCfg = Release|Win32
		{7A197BE2-BE52-4289-AB71-70C64663486D}.Release|x86.Build.0 = Release|Win32
	EndGlobalSection
	GlobalSection(SolutionProperties) = preSolution
		HideSolutionNode = FALSE
	EndGlobalSection
	GlobalSection(ExtensibilityGlobals) = postSolution
		SolutionGuid = {FCB61CE9-D9AC-46C1-A401-AE6A4E515EAE}
	EndGlobalSection
EndGlobal
