
Microsoft Visual Studio Solution File, Format Version 12.00
# Visual Studio Version 16
VisualStudioVersion = 16.0.30114.105
MinimumVisualStudioVersion = 10.0.40219.1
Project("{FAE04EC0-301F-11D3-BF4B-00C04F79EFBC}") = "ITMO.ASPNET.Course2020.Labs.Lab06", "ITMO.ASPNET.Course2020.Labs.Lab06\ITMO.ASPNET.Course2020.Labs.Lab06.csproj", "{63FF880A-36E6-4607-B152-D1F965D4B213}"
EndProject
Global
	GlobalSection(SolutionConfigurationPlatforms) = preSolution
		Debug|Any CPU = Debug|Any CPU
		Release|Any CPU = Release|Any CPU
	EndGlobalSection
	GlobalSection(ProjectConfigurationPlatforms) = postSolution
		{63FF880A-36E6-4607-B152-D1F965D4B213}.Debug|Any CPU.ActiveCfg = Debug|Any CPU
		{63FF880A-36E6-4607-B152-D1F965D4B213}.Debug|Any CPU.Build.0 = Debug|Any CPU
		{63FF880A-36E6-4607-B152-D1F965D4B213}.Release|Any CPU.ActiveCfg = Release|Any CPU
		{63FF880A-36E6-4607-B152-D1F965D4B213}.Release|Any CPU.Build.0 = Release|Any CPU
	EndGlobalSection
	GlobalSection(SolutionProperties) = preSolution
		HideSolutionNode = FALSE
	EndGlobalSection
	GlobalSection(ExtensibilityGlobals) = postSolution
		SolutionGuid = {CE3AF848-1C1F-45C6-9510-D1D001F189FA}
	EndGlobalSection
EndGlobal
