
Microsoft Visual Studio Solution File, Format Version 12.00
# Visual Studio Version 16
VisualStudioVersion = 16.0.30114.105
MinimumVisualStudioVersion = 10.0.40219.1
Project("{FAE04EC0-301F-11D3-BF4B-00C04F79EFBC}") = "ITMO.WinFormCourse2020.Labs.Lab06.Exercise01", "..\ITMO.WinFormCourse2020.Labs.Lab06.Exercise01\ITMO.WinFormCourse2020.Labs.Lab06.Exercise01\ITMO.WinFormCourse2020.Labs.Lab06.Exercise01.csproj", "{D4984255-A420-45BA-8F2F-41EEF3DEAAE6}"
EndProject
Project("{FAE04EC0-301F-11D3-BF4B-00C04F79EFBC}") = "ITMO.WinFormCourse2020.Labs.Lab06.Exercise02", "..\ITMO.WinFormCourse2020.Labs.Lab06.Exercise02\ITMO.WinFormCourse2020.Labs.Lab06.Exercise02\ITMO.WinFormCourse2020.Labs.Lab06.Exercise02.csproj", "{EC864D3B-0B2C-455F-AB6E-8144806E1AB9}"
EndProject
Project("{FAE04EC0-301F-11D3-BF4B-00C04F79EFBC}") = "ITMO.WinFormCourse2020.Labs.Lab06.Exercise03", "..\ITMO.WinFormCourse2020.Labs.Lab06.Exercise03\ITMO.WinFormCourse2020.Labs.Lab06.Exercise03\ITMO.WinFormCourse2020.Labs.Lab06.Exercise03.csproj", "{C2158BD4-89E9-40D5-9D9E-6861ED50C2B2}"
EndProject
Global
	GlobalSection(SolutionConfigurationPlatforms) = preSolution
		Debug|Any CPU = Debug|Any CPU
		Release|Any CPU = Release|Any CPU
	EndGlobalSection
	GlobalSection(ProjectConfigurationPlatforms) = postSolution
		{D4984255-A420-45BA-8F2F-41EEF3DEAAE6}.Debug|Any CPU.ActiveCfg = Debug|Any CPU
		{D4984255-A420-45BA-8F2F-41EEF3DEAAE6}.Debug|Any CPU.Build.0 = Debug|Any CPU
		{D4984255-A420-45BA-8F2F-41EEF3DEAAE6}.Release|Any CPU.ActiveCfg = Release|Any CPU
		{D4984255-A420-45BA-8F2F-41EEF3DEAAE6}.Release|Any CPU.Build.0 = Release|Any CPU
		{EC864D3B-0B2C-455F-AB6E-8144806E1AB9}.Debug|Any CPU.ActiveCfg = Debug|Any CPU
		{EC864D3B-0B2C-455F-AB6E-8144806E1AB9}.Debug|Any CPU.Build.0 = Debug|Any CPU
		{EC864D3B-0B2C-455F-AB6E-8144806E1AB9}.Release|Any CPU.ActiveCfg = Release|Any CPU
		{EC864D3B-0B2C-455F-AB6E-8144806E1AB9}.Release|Any CPU.Build.0 = Release|Any CPU
		{C2158BD4-89E9-40D5-9D9E-6861ED50C2B2}.Debug|Any CPU.ActiveCfg = Debug|Any CPU
		{C2158BD4-89E9-40D5-9D9E-6861ED50C2B2}.Debug|Any CPU.Build.0 = Debug|Any CPU
		{C2158BD4-89E9-40D5-9D9E-6861ED50C2B2}.Release|Any CPU.ActiveCfg = Release|Any CPU
		{C2158BD4-89E9-40D5-9D9E-6861ED50C2B2}.Release|Any CPU.Build.0 = Release|Any CPU
	EndGlobalSection
	GlobalSection(SolutionProperties) = preSolution
		HideSolutionNode = FALSE
	EndGlobalSection
	GlobalSection(ExtensibilityGlobals) = postSolution
		SolutionGuid = {B38CBFCC-9099-4E40-9E95-BBEA98614C73}
	EndGlobalSection
EndGlobal
