
Microsoft Visual Studio Solution File, Format Version 12.00
# Visual Studio Version 16
VisualStudioVersion = 16.0.30114.105
MinimumVisualStudioVersion = 10.0.40219.1
Project("{FAE04EC0-301F-11D3-BF4B-00C04F79EFBC}") = "ITMO.ASPNET.Course2020.Labs.Lab03", "ITMO.ASPNET.Course2020.Labs.Lab03\ITMO.ASPNET.Course2020.Labs.Lab03.csproj", "{A74647A5-E999-462F-BF9C-235B2A649421}"
EndProject
Global
	GlobalSection(SolutionConfigurationPlatforms) = preSolution
		Debug|Any CPU = Debug|Any CPU
		Release|Any CPU = Release|Any CPU
	EndGlobalSection
	GlobalSection(ProjectConfigurationPlatforms) = postSolution
		{A74647A5-E999-462F-BF9C-235B2A649421}.Debug|Any CPU.ActiveCfg = Debug|Any CPU
		{A74647A5-E999-462F-BF9C-235B2A649421}.Debug|Any CPU.Build.0 = Debug|Any CPU
		{A74647A5-E999-462F-BF9C-235B2A649421}.Release|Any CPU.ActiveCfg = Release|Any CPU
		{A74647A5-E999-462F-BF9C-235B2A649421}.Release|Any CPU.Build.0 = Release|Any CPU
	EndGlobalSection
	GlobalSection(SolutionProperties) = preSolution
		HideSolutionNode = FALSE
	EndGlobalSection
	GlobalSection(ExtensibilityGlobals) = postSolution
		SolutionGuid = {09B42867-0016-45C2-99C3-283FFE2D5FB5}
	EndGlobalSection
EndGlobal
