
Microsoft Visual Studio Solution File, Format Version 12.00
# Visual Studio Version 16
VisualStudioVersion = 16.0.30114.105
MinimumVisualStudioVersion = 10.0.40219.1
Project("{FAE04EC0-301F-11D3-BF4B-00C04F79EFBC}") = "DataBindingSimple", "DataBindingSimple\DataBindingSimple.csproj", "{17E4883D-B39A-48EC-B435-1F5A1273D47D}"
EndProject
Global
	GlobalSection(SolutionConfigurationPlatforms) = preSolution
		Debug|Any CPU = Debug|Any CPU
		Release|Any CPU = Release|Any CPU
	EndGlobalSection
	GlobalSection(ProjectConfigurationPlatforms) = postSolution
		{17E4883D-B39A-48EC-B435-1F5A1273D47D}.Debug|Any CPU.ActiveCfg = Debug|Any CPU
		{17E4883D-B39A-48EC-B435-1F5A1273D47D}.Debug|Any CPU.Build.0 = Debug|Any CPU
		{17E4883D-B39A-48EC-B435-1F5A1273D47D}.Release|Any CPU.ActiveCfg = Release|Any CPU
		{17E4883D-B39A-48EC-B435-1F5A1273D47D}.Release|Any CPU.Build.0 = Release|Any CPU
	EndGlobalSection
	GlobalSection(SolutionProperties) = preSolution
		HideSolutionNode = FALSE
	EndGlobalSection
	GlobalSection(ExtensibilityGlobals) = postSolution
		SolutionGuid = {CD54EBF5-92BC-42B7-A127-A92013E424E3}
	EndGlobalSection
EndGlobal
