
Microsoft Visual Studio Solution File, Format Version 12.00
# Visual Studio Version 16
VisualStudioVersion = 16.0.30114.105
MinimumVisualStudioVersion = 10.0.40219.1
Project("{FAE04EC0-301F-11D3-BF4B-00C04F79EFBC}") = "DatasetDesigner", "DatasetDesigner\DatasetDesigner.csproj", "{56C33DCB-D86D-4B1E-94CA-31356A11F1F8}"
EndProject
Global
	GlobalSection(SolutionConfigurationPlatforms) = preSolution
		Debug|Any CPU = Debug|Any CPU
		Release|Any CPU = Release|Any CPU
	EndGlobalSection
	GlobalSection(ProjectConfigurationPlatforms) = postSolution
		{56C33DCB-D86D-4B1E-94CA-31356A11F1F8}.Debug|Any CPU.ActiveCfg = Debug|Any CPU
		{56C33DCB-D86D-4B1E-94CA-31356A11F1F8}.Debug|Any CPU.Build.0 = Debug|Any CPU
		{56C33DCB-D86D-4B1E-94CA-31356A11F1F8}.Release|Any CPU.ActiveCfg = Release|Any CPU
		{56C33DCB-D86D-4B1E-94CA-31356A11F1F8}.Release|Any CPU.Build.0 = Release|Any CPU
	EndGlobalSection
	GlobalSection(SolutionProperties) = preSolution
		HideSolutionNode = FALSE
	EndGlobalSection
	GlobalSection(ExtensibilityGlobals) = postSolution
		SolutionGuid = {F08FA1D8-8EA1-44C8-B49C-07245AD66AC5}
	EndGlobalSection
EndGlobal
