
Microsoft Visual Studio Solution File, Format Version 12.00
# Visual Studio Version 16
VisualStudioVersion = 16.0.30114.105
MinimumVisualStudioVersion = 10.0.40219.1
Project("{FAE04EC0-301F-11D3-BF4B-00C04F79EFBC}") = "ITMO.WinFormCourse2020.Labs.Lab06.Exercise02", "ITMO.WinFormCourse2020.Labs.Lab06.Exercise02\ITMO.WinFormCourse2020.Labs.Lab06.Exercise02.csproj", "{EC864D3B-0B2C-455F-AB6E-8144806E1AB9}"
EndProject
Global
	GlobalSection(SolutionConfigurationPlatforms) = preSolution
		Debug|Any CPU = Debug|Any CPU
		Release|Any CPU = Release|Any CPU
	EndGlobalSection
	GlobalSection(ProjectConfigurationPlatforms) = postSolution
		{EC864D3B-0B2C-455F-AB6E-8144806E1AB9}.Debug|Any CPU.ActiveCfg = Debug|Any CPU
		{EC864D3B-0B2C-455F-AB6E-8144806E1AB9}.Debug|Any CPU.Build.0 = Debug|Any CPU
		{EC864D3B-0B2C-455F-AB6E-8144806E1AB9}.Release|Any CPU.ActiveCfg = Release|Any CPU
		{EC864D3B-0B2C-455F-AB6E-8144806E1AB9}.Release|Any CPU.Build.0 = Release|Any CPU
	EndGlobalSection
	GlobalSection(SolutionProperties) = preSolution
		HideSolutionNode = FALSE
	EndGlobalSection
	GlobalSection(ExtensibilityGlobals) = postSolution
		SolutionGuid = {6EEC4805-3818-4C3A-95B9-ACB0B55E3674}
	EndGlobalSection
EndGlobal
