
Microsoft Visual Studio Solution File, Format Version 12.00
# Visual Studio Version 16
VisualStudioVersion = 16.0.30114.105
MinimumVisualStudioVersion = 10.0.40219.1
Project("{FAE04EC0-301F-11D3-BF4B-00C04F79EFBC}") = "LINQsql_m", "LINQsql_m\LINQsql_m.csproj", "{5A30C2D8-CEB8-40C9-8651-124838871BA1}"
EndProject
Global
	GlobalSection(SolutionConfigurationPlatforms) = preSolution
		Debug|Any CPU = Debug|Any CPU
		Release|Any CPU = Release|Any CPU
	EndGlobalSection
	GlobalSection(ProjectConfigurationPlatforms) = postSolution
		{5A30C2D8-CEB8-40C9-8651-124838871BA1}.Debug|Any CPU.ActiveCfg = Debug|Any CPU
		{5A30C2D8-CEB8-40C9-8651-124838871BA1}.Debug|Any CPU.Build.0 = Debug|Any CPU
		{5A30C2D8-CEB8-40C9-8651-124838871BA1}.Release|Any CPU.ActiveCfg = Release|Any CPU
		{5A30C2D8-CEB8-40C9-8651-124838871BA1}.Release|Any CPU.Build.0 = Release|Any CPU
	EndGlobalSection
	GlobalSection(SolutionProperties) = preSolution
		HideSolutionNode = FALSE
	EndGlobalSection
	GlobalSection(ExtensibilityGlobals) = postSolution
		SolutionGuid = {7467568D-FCD7-419C-B07C-93F3314C91DA}
	EndGlobalSection
EndGlobal
