
Microsoft Visual Studio Solution File, Format Version 12.00
# Visual Studio Version 16
VisualStudioVersion = 16.0.30114.105
MinimumVisualStudioVersion = 10.0.40219.1
Project("{FAE04EC0-301F-11D3-BF4B-00C04F79EFBC}") = "ITMO.WinFormCourse2020.Labs.Lab01.Exercise01", "..\ITMO.WinFormCourse2020.Labs.Lab01.Exercise01\ITMO.WinFormCourse2020.Labs.Lab01.Exercise01\ITMO.WinFormCourse2020.Labs.Lab01.Exercise01.csproj", "{F663E65E-6240-4FE9-AD02-DC668B01C2F1}"
EndProject
Project("{FAE04EC0-301F-11D3-BF4B-00C04F79EFBC}") = "ITMO.WinFormCourse2020.Labs.Lab01.Exercise02and03", "..\ITMO.WinFormCourse2020.Labs.Lab01.Exercise02_03\ITMO.WinFormCourse2020.Labs.Lab01.Exercise02\ITMO.WinFormCourse2020.Labs.Lab01.Exercise02and03.csproj", "{ED86F3BB-DB88-46F8-8561-C4224D2723F6}"
EndProject
Project("{FAE04EC0-301F-11D3-BF4B-00C04F79EFBC}") = "ITMO.WinFormCourse2020.Labs.Lab01.MdiApplication", "..\ITMO.WinFormCourse2020.Labs.Lab01.MdiApplication\ITMO.WinFormCourse2020.Labs.Lab01.MdiApplication\ITMO.WinFormCourse2020.Labs.Lab01.MdiApplication.csproj", "{630F46C5-D7F4-49A3-B79F-2594F771ED43}"
EndProject
Project("{FAE04EC0-301F-11D3-BF4B-00C04F79EFBC}") = "ITMO.WinFormCourse2020.Labs.Lab01.Exercise05_01", "..\ITMO.WinFormCourse2020.Labs.Lab01.Exercise05_01\ITMO.WinFormCourse2020.Labs.Lab01.Exercise05_01\ITMO.WinFormCourse2020.Labs.Lab01.Exercise05_01.csproj", "{07A01644-815B-442A-A6B6-53B7BEA4A1AF}"
EndProject
Project("{FAE04EC0-301F-11D3-BF4B-00C04F79EFBC}") = "ITMO.WinFormCourse2020.Labs.Lab01.Exercise05_02", "..\ITMO.WinFormCourse2020.Labs.Lab01.Exercise05_02\ITMO.WinFormCourse2020.Labs.Lab01.Exercise05_02\ITMO.WinFormCourse2020.Labs.Lab01.Exercise05_02.csproj", "{1B11E683-5F28-4D25-86FA-B384895A02B8}"
EndProject
Global
	GlobalSection(SolutionConfigurationPlatforms) = preSolution
		Debug|Any CPU = Debug|Any CPU
		Release|Any CPU = Release|Any CPU
	EndGlobalSection
	GlobalSection(ProjectConfigurationPlatforms) = postSolution
		{F663E65E-6240-4FE9-AD02-DC668B01C2F1}.Debug|Any CPU.ActiveCfg = Debug|Any CPU
		{F663E65E-6240-4FE9-AD02-DC668B01C2F1}.Debug|Any CPU.Build.0 = Debug|Any CPU
		{F663E65E-6240-4FE9-AD02-DC668B01C2F1}.Release|Any CPU.ActiveCfg = Release|Any CPU
		{F663E65E-6240-4FE9-AD02-DC668B01C2F1}.Release|Any CPU.Build.0 = Release|Any CPU
		{ED86F3BB-DB88-46F8-8561-C4224D2723F6}.Debug|Any CPU.ActiveCfg = Debug|Any CPU
		{ED86F3BB-DB88-46F8-8561-C4224D2723F6}.Debug|Any CPU.Build.0 = Debug|Any CPU
		{ED86F3BB-DB88-46F8-8561-C4224D2723F6}.Release|Any CPU.ActiveCfg = Release|Any CPU
		{ED86F3BB-DB88-46F8-8561-C4224D2723F6}.Release|Any CPU.Build.0 = Release|Any CPU
		{630F46C5-D7F4-49A3-B79F-2594F771ED43}.Debug|Any CPU.ActiveCfg = Debug|Any CPU
		{630F46C5-D7F4-49A3-B79F-2594F771ED43}.Debug|Any CPU.Build.0 = Debug|Any CPU
		{630F46C5-D7F4-49A3-B79F-2594F771ED43}.Release|Any CPU.ActiveCfg = Release|Any CPU
		{630F46C5-D7F4-49A3-B79F-2594F771ED43}.Release|Any CPU.Build.0 = Release|Any CPU
		{07A01644-815B-442A-A6B6-53B7BEA4A1AF}.Debug|Any CPU.ActiveCfg = Debug|Any CPU
		{07A01644-815B-442A-A6B6-53B7BEA4A1AF}.Debug|Any CPU.Build.0 = Debug|Any CPU
		{07A01644-815B-442A-A6B6-53B7BEA4A1AF}.Release|Any CPU.ActiveCfg = Release|Any CPU
		{07A01644-815B-442A-A6B6-53B7BEA4A1AF}.Release|Any CPU.Build.0 = Release|Any CPU
		{1B11E683-5F28-4D25-86FA-B384895A02B8}.Debug|Any CPU.ActiveCfg = Debug|Any CPU
		{1B11E683-5F28-4D25-86FA-B384895A02B8}.Debug|Any CPU.Build.0 = Debug|Any CPU
		{1B11E683-5F28-4D25-86FA-B384895A02B8}.Release|Any CPU.ActiveCfg = Release|Any CPU
		{1B11E683-5F28-4D25-86FA-B384895A02B8}.Release|Any CPU.Build.0 = Release|Any CPU
	EndGlobalSection
	GlobalSection(SolutionProperties) = preSolution
		HideSolutionNode = FALSE
	EndGlobalSection
	GlobalSection(ExtensibilityGlobals) = postSolution
		SolutionGuid = {68A8003B-59A4-4047-AB27-F9F99A6C7CF6}
	EndGlobalSection
EndGlobal
