
Microsoft Visual Studio Solution File, Format Version 12.00
# Visual Studio Version 16
VisualStudioVersion = 16.0.30114.105
MinimumVisualStudioVersion = 10.0.40219.1
Project("{FAE04EC0-301F-11D3-BF4B-00C04F79EFBC}") = "ITMO.ASPNET.Course2020.Labs.Lab08", "ITMO.ASPNET.Course2020.Labs.Lab08\ITMO.ASPNET.Course2020.Labs.Lab08.csproj", "{3FDDC8BD-EF58-4833-A1AF-E6D9CC01D19A}"
EndProject
Global
	GlobalSection(SolutionConfigurationPlatforms) = preSolution
		Debug|Any CPU = Debug|Any CPU
		Release|Any CPU = Release|Any CPU
	EndGlobalSection
	GlobalSection(ProjectConfigurationPlatforms) = postSolution
		{3FDDC8BD-EF58-4833-A1AF-E6D9CC01D19A}.Debug|Any CPU.ActiveCfg = Debug|Any CPU
		{3FDDC8BD-EF58-4833-A1AF-E6D9CC01D19A}.Debug|Any CPU.Build.0 = Debug|Any CPU
		{3FDDC8BD-EF58-4833-A1AF-E6D9CC01D19A}.Release|Any CPU.ActiveCfg = Release|Any CPU
		{3FDDC8BD-EF58-4833-A1AF-E6D9CC01D19A}.Release|Any CPU.Build.0 = Release|Any CPU
	EndGlobalSection
	GlobalSection(SolutionProperties) = preSolution
		HideSolutionNode = FALSE
	EndGlobalSection
	GlobalSection(ExtensibilityGlobals) = postSolution
		SolutionGuid = {CDEBFCB2-2943-48FB-A1A9-CBCA6FCBE621}
	EndGlobalSection
EndGlobal
