
Microsoft Visual Studio Solution File, Format Version 12.00
# Visual Studio Version 16
VisualStudioVersion = 16.0.30114.105
MinimumVisualStudioVersion = 10.0.40219.1
Project("{8BC9CEB8-8B4A-11D0-8D11-00A0C91BC942}") = "ITMO.C++.Course2020.Labs.Lab01", "ITMO.C++.Course2020.Labs.Lab01\ITMO.C++.Course2020.Labs.Lab01.vcxproj", "{111083AA-BF58-474D-969C-A6C0CD5E74D4}"
EndProject
Global
	GlobalSection(SolutionConfigurationPlatforms) = preSolution
		Debug|x64 = Debug|x64
		Debug|x86 = Debug|x86
		Release|x64 = Release|x64
		Release|x86 = Release|x86
	EndGlobalSection
	GlobalSection(ProjectConfigurationPlatforms) = postSolution
		{111083AA-BF58-474D-969C-A6C0CD5E74D4}.Debug|x64.ActiveCfg = Debug|x64
		{111083AA-BF58-474D-969C-A6C0CD5E74D4}.Debug|x64.Build.0 = Debug|x64
		{111083AA-BF58-474D-969C-A6C0CD5E74D4}.Debug|x86.ActiveCfg = Debug|Win32
		{111083AA-BF58-474D-969C-A6C0CD5E74D4}.Debug|x86.Build.0 = Debug|Win32
		{111083AA-BF58-474D-969C-A6C0CD5E74D4}.Release|x64.ActiveCfg = Release|x64
		{111083AA-BF58-474D-969C-A6C0CD5E74D4}.Release|x64.Build.0 = Release|x64
		{111083AA-BF58-474D-969C-A6C0CD5E74D4}.Release|x86.ActiveCfg = Release|Win32
		{111083AA-BF58-474D-969C-A6C0CD5E74D4}.Release|x86.Build.0 = Release|Win32
	EndGlobalSection
	GlobalSection(SolutionProperties) = preSolution
		HideSolutionNode = FALSE
	EndGlobalSection
	GlobalSection(ExtensibilityGlobals) = postSolution
		SolutionGuid = {ACE042E3-8897-45E6-948A-9C72E4D7E413}
	EndGlobalSection
EndGlobal
