
Microsoft Visual Studio Solution File, Format Version 12.00
# Visual Studio Version 16
VisualStudioVersion = 16.0.30114.105
MinimumVisualStudioVersion = 10.0.40219.1
Project("{FAE04EC0-301F-11D3-BF4B-00C04F79EFBC}") = "ITMO.ASPNET.Course2020.Labs.Lab02", "ITMO.ASPNET.Course2020.Labs.Lab02\ITMO.ASPNET.Course2020.Labs.Lab02.csproj", "{23090149-7127-4B36-A4AE-B98D1C3EF304}"
EndProject
Global
	GlobalSection(SolutionConfigurationPlatforms) = preSolution
		Debug|Any CPU = Debug|Any CPU
		Release|Any CPU = Release|Any CPU
	EndGlobalSection
	GlobalSection(ProjectConfigurationPlatforms) = postSolution
		{23090149-7127-4B36-A4AE-B98D1C3EF304}.Debug|Any CPU.ActiveCfg = Debug|Any CPU
		{23090149-7127-4B36-A4AE-B98D1C3EF304}.Debug|Any CPU.Build.0 = Debug|Any CPU
		{23090149-7127-4B36-A4AE-B98D1C3EF304}.Release|Any CPU.ActiveCfg = Release|Any CPU
		{23090149-7127-4B36-A4AE-B98D1C3EF304}.Release|Any CPU.Build.0 = Release|Any CPU
	EndGlobalSection
	GlobalSection(SolutionProperties) = preSolution
		HideSolutionNode = FALSE
	EndGlobalSection
	GlobalSection(ExtensibilityGlobals) = postSolution
		SolutionGuid = {68600D01-143D-48B0-8081-DF6C51E13EAE}
	EndGlobalSection
EndGlobal
