
Microsoft Visual Studio Solution File, Format Version 12.00
# Visual Studio Version 16
VisualStudioVersion = 16.0.30114.105
MinimumVisualStudioVersion = 10.0.40219.1
Project("{FAE04EC0-301F-11D3-BF4B-00C04F79EFBC}") = "ITMO.ASPNET.MVC.Course2020.TestWork", "ITMO.ASPNET.MVC.Course2020.TestWork\ITMO.ASPNET.MVC.Course2020.TestWork.csproj", "{20DDE426-44E1-4797-A5A2-497482E80833}"
EndProject
Global
	GlobalSection(SolutionConfigurationPlatforms) = preSolution
		Debug|Any CPU = Debug|Any CPU
		Release|Any CPU = Release|Any CPU
	EndGlobalSection
	GlobalSection(ProjectConfigurationPlatforms) = postSolution
		{20DDE426-44E1-4797-A5A2-497482E80833}.Debug|Any CPU.ActiveCfg = Debug|Any CPU
		{20DDE426-44E1-4797-A5A2-497482E80833}.Debug|Any CPU.Build.0 = Debug|Any CPU
		{20DDE426-44E1-4797-A5A2-497482E80833}.Release|Any CPU.ActiveCfg = Release|Any CPU
		{20DDE426-44E1-4797-A5A2-497482E80833}.Release|Any CPU.Build.0 = Release|Any CPU
	EndGlobalSection
	GlobalSection(SolutionProperties) = preSolution
		HideSolutionNode = FALSE
	EndGlobalSection
	GlobalSection(ExtensibilityGlobals) = postSolution
		SolutionGuid = {90B1BB69-B1E3-4867-A920-F7BEAF5E486E}
	EndGlobalSection
EndGlobal
