
Microsoft Visual Studio Solution File, Format Version 12.00
# Visual Studio Version 16
VisualStudioVersion = 16.0.30114.105
MinimumVisualStudioVersion = 10.0.40219.1
Project("{FAE04EC0-301F-11D3-BF4B-00C04F79EFBC}") = "DataAdapterProgram", "DataAdapterProgram\DataAdapterProgram.csproj", "{B001227E-52B1-467B-BD72-108A81E75AEA}"
EndProject
Global
	GlobalSection(SolutionConfigurationPlatforms) = preSolution
		Debug|Any CPU = Debug|Any CPU
		Release|Any CPU = Release|Any CPU
	EndGlobalSection
	GlobalSection(ProjectConfigurationPlatforms) = postSolution
		{B001227E-52B1-467B-BD72-108A81E75AEA}.Debug|Any CPU.ActiveCfg = Debug|Any CPU
		{B001227E-52B1-467B-BD72-108A81E75AEA}.Debug|Any CPU.Build.0 = Debug|Any CPU
		{B001227E-52B1-467B-BD72-108A81E75AEA}.Release|Any CPU.ActiveCfg = Release|Any CPU
		{B001227E-52B1-467B-BD72-108A81E75AEA}.Release|Any CPU.Build.0 = Release|Any CPU
	EndGlobalSection
	GlobalSection(SolutionProperties) = preSolution
		HideSolutionNode = FALSE
	EndGlobalSection
	GlobalSection(ExtensibilityGlobals) = postSolution
		SolutionGuid = {1DF7A595-F7B4-483F-8B35-EDA44DB6A5D5}
	EndGlobalSection
EndGlobal
