
Microsoft Visual Studio Solution File, Format Version 12.00
# Visual Studio Version 16
VisualStudioVersion = 16.0.30114.105
MinimumVisualStudioVersion = 10.0.40219.1
Project("{FAE04EC0-301F-11D3-BF4B-00C04F79EFBC}") = "ITMO.ASPNET.MVC.Course2020.Labs.Lab01", "ITMO.ASPNET.MVC.Course2020.Labs.Lab01\ITMO.ASPNET.MVC.Course2020.Labs.Lab01.csproj", "{763BFFA9-3474-40C7-98B8-E4D72DBB065D}"
EndProject
Global
	GlobalSection(SolutionConfigurationPlatforms) = preSolution
		Debug|Any CPU = Debug|Any CPU
		Release|Any CPU = Release|Any CPU
	EndGlobalSection
	GlobalSection(ProjectConfigurationPlatforms) = postSolution
		{763BFFA9-3474-40C7-98B8-E4D72DBB065D}.Debug|Any CPU.ActiveCfg = Debug|Any CPU
		{763BFFA9-3474-40C7-98B8-E4D72DBB065D}.Debug|Any CPU.Build.0 = Debug|Any CPU
		{763BFFA9-3474-40C7-98B8-E4D72DBB065D}.Release|Any CPU.ActiveCfg = Release|Any CPU
		{763BFFA9-3474-40C7-98B8-E4D72DBB065D}.Release|Any CPU.Build.0 = Release|Any CPU
	EndGlobalSection
	GlobalSection(SolutionProperties) = preSolution
		HideSolutionNode = FALSE
	EndGlobalSection
	GlobalSection(ExtensibilityGlobals) = postSolution
		SolutionGuid = {5D7FEE0C-291F-4D06-BE5F-37B3E37BF57C}
	EndGlobalSection
EndGlobal
