
Microsoft Visual Studio Solution File, Format Version 12.00
# Visual Studio Version 16
VisualStudioVersion = 16.0.29806.167
MinimumVisualStudioVersion = 10.0.40219.1
Project("{FAE04EC0-301F-11D3-BF4B-00C04F79EFBC}") = "ITMO.WinFormCourse2020.Labs.Lab03.Exercise01", "ITMO.WinFormCourse2020.Labs.Lab03.Exercise01\ITMO.WinFormCourse2020.Labs.Lab03.Exercise01.csproj", "{ED109848-172F-45F0-B186-1C08B6C80B6C}"
EndProject
Global
	GlobalSection(SolutionConfigurationPlatforms) = preSolution
		Debug|Any CPU = Debug|Any CPU
		Release|Any CPU = Release|Any CPU
	EndGlobalSection
	GlobalSection(ProjectConfigurationPlatforms) = postSolution
		{ED109848-172F-45F0-B186-1C08B6C80B6C}.Debug|Any CPU.ActiveCfg = Debug|Any CPU
		{ED109848-172F-45F0-B186-1C08B6C80B6C}.Debug|Any CPU.Build.0 = Debug|Any CPU
		{ED109848-172F-45F0-B186-1C08B6C80B6C}.Release|Any CPU.ActiveCfg = Release|Any CPU
		{ED109848-172F-45F0-B186-1C08B6C80B6C}.Release|Any CPU.Build.0 = Release|Any CPU
	EndGlobalSection
	GlobalSection(SolutionProperties) = preSolution
		HideSolutionNode = FALSE
	EndGlobalSection
	GlobalSection(ExtensibilityGlobals) = postSolution
		SolutionGuid = {4E2072C5-4315-4DD9-9C44-A5E9F2A648E8}
	EndGlobalSection
EndGlobal
