
Microsoft Visual Studio Solution File, Format Version 12.00
# Visual Studio Version 16
VisualStudioVersion = 16.0.30114.105
MinimumVisualStudioVersion = 10.0.40219.1
Project("{FAE04EC0-301F-11D3-BF4B-00C04F79EFBC}") = "ITMO.WinFormCourse2020.Labs.Lab07.Exercise01", "..\ITMO.WinFormCourse2020.Labs.Lab07.Exercise01\ITMO.WinFormCourse2020.Labs.Lab07.Exercise01\ITMO.WinFormCourse2020.Labs.Lab07.Exercise01.csproj", "{A139BA9B-A127-40CB-8FAF-EE2F64BD5F42}"
EndProject
Project("{FAE04EC0-301F-11D3-BF4B-00C04F79EFBC}") = "ITMO.WinFormCourse2020.Labs.Lab07.Exercise02", "..\ITMO.WinFormCourse2020.Labs.Lab07.Exercise02\ITMO.WinFormCourse2020.Labs.Lab07.Exercise02\ITMO.WinFormCourse2020.Labs.Lab07.Exercise02.csproj", "{55341D84-9930-4298-9760-3FECAE59EF46}"
EndProject
Project("{FAE04EC0-301F-11D3-BF4B-00C04F79EFBC}") = "ITMO.WinFormCourse2020.Labs.Lab07.Exercise03", "..\ITMO.WinFormCourse2020.Labs.Lab07.Exercise03\ITMO.WinFormCourse2020.Labs.Lab07.Exercise03\ITMO.WinFormCourse2020.Labs.Lab07.Exercise03.csproj", "{F7DD98ED-D1E1-48AA-BCA7-5203F3F809CF}"
EndProject
Global
	GlobalSection(SolutionConfigurationPlatforms) = preSolution
		Debug|Any CPU = Debug|Any CPU
		Release|Any CPU = Release|Any CPU
	EndGlobalSection
	GlobalSection(ProjectConfigurationPlatforms) = postSolution
		{A139BA9B-A127-40CB-8FAF-EE2F64BD5F42}.Debug|Any CPU.ActiveCfg = Debug|Any CPU
		{A139BA9B-A127-40CB-8FAF-EE2F64BD5F42}.Debug|Any CPU.Build.0 = Debug|Any CPU
		{A139BA9B-A127-40CB-8FAF-EE2F64BD5F42}.Release|Any CPU.ActiveCfg = Release|Any CPU
		{A139BA9B-A127-40CB-8FAF-EE2F64BD5F42}.Release|Any CPU.Build.0 = Release|Any CPU
		{55341D84-9930-4298-9760-3FECAE59EF46}.Debug|Any CPU.ActiveCfg = Debug|Any CPU
		{55341D84-9930-4298-9760-3FECAE59EF46}.Debug|Any CPU.Build.0 = Debug|Any CPU
		{55341D84-9930-4298-9760-3FECAE59EF46}.Release|Any CPU.ActiveCfg = Release|Any CPU
		{55341D84-9930-4298-9760-3FECAE59EF46}.Release|Any CPU.Build.0 = Release|Any CPU
		{F7DD98ED-D1E1-48AA-BCA7-5203F3F809CF}.Debug|Any CPU.ActiveCfg = Debug|Any CPU
		{F7DD98ED-D1E1-48AA-BCA7-5203F3F809CF}.Debug|Any CPU.Build.0 = Debug|Any CPU
		{F7DD98ED-D1E1-48AA-BCA7-5203F3F809CF}.Release|Any CPU.ActiveCfg = Release|Any CPU
		{F7DD98ED-D1E1-48AA-BCA7-5203F3F809CF}.Release|Any CPU.Build.0 = Release|Any CPU
	EndGlobalSection
	GlobalSection(SolutionProperties) = preSolution
		HideSolutionNode = FALSE
	EndGlobalSection
	GlobalSection(ExtensibilityGlobals) = postSolution
		SolutionGuid = {CD695BB3-02E5-416A-B115-B5DFD1CE80D1}
	EndGlobalSection
EndGlobal
